
Microsoft Visual Studio Solution File, Format Version 12.00
# Visual Studio Version 17
VisualStudioVersion = 17.1.32328.378
MinimumVisualStudioVersion = 10.0.40219.1
Project("{00D1A9C2-B5F0-4AF3-8072-F6C62B433612}") = "WingItAirlines-Reporting", "WingItAirlines-Reporting\WingItAirlines-Reporting.sqlproj", "{70B1341E-F7D2-4D00-A403-FAF2C22254D3}"
EndProject
Global
	GlobalSection(SolutionConfigurationPlatforms) = preSolution
		Debug|Any CPU = Debug|Any CPU
		Release|Any CPU = Release|Any CPU
	EndGlobalSection
	GlobalSection(ProjectConfigurationPlatforms) = postSolution
		{70B1341E-F7D2-4D00-A403-FAF2C22254D3}.Debug|Any CPU.ActiveCfg = Debug|Any CPU
		{70B1341E-F7D2-4D00-A403-FAF2C22254D3}.Debug|Any CPU.Build.0 = Debug|Any CPU
		{70B1341E-F7D2-4D00-A403-FAF2C22254D3}.Debug|Any CPU.Deploy.0 = Debug|Any CPU
		{70B1341E-F7D2-4D00-A403-FAF2C22254D3}.Release|Any CPU.ActiveCfg = Release|Any CPU
		{70B1341E-F7D2-4D00-A403-FAF2C22254D3}.Release|Any CPU.Build.0 = Release|Any CPU
		{70B1341E-F7D2-4D00-A403-FAF2C22254D3}.Release|Any CPU.Deploy.0 = Release|Any CPU
	EndGlobalSection
	GlobalSection(SolutionProperties) = preSolution
		HideSolutionNode = FALSE
	EndGlobalSection
	GlobalSection(ExtensibilityGlobals) = postSolution
		SolutionGuid = {562E1B5F-4FF6-4DC2-B7A7-6F72AF8129B1}
	EndGlobalSection
EndGlobal
