
Microsoft Visual Studio Solution File, Format Version 12.00
# Visual Studio Version 17
VisualStudioVersion = 17.9.34723.18
MinimumVisualStudioVersion = 10.0.40219.1
Project("{00D1A9C2-B5F0-4AF3-8072-F6C62B433612}") = "Authentication", "Authentication\Authentication.sqlproj", "{72FC8DE2-C3E4-40BA-8E5B-9A27FD41E1BB}"
EndProject
Global
	GlobalSection(SolutionConfigurationPlatforms) = preSolution
		Debug|Any CPU = Debug|Any CPU
		Release|Any CPU = Release|Any CPU
	EndGlobalSection
	GlobalSection(ProjectConfigurationPlatforms) = postSolution
		{72FC8DE2-C3E4-40BA-8E5B-9A27FD41E1BB}.Debug|Any CPU.ActiveCfg = Debug|Any CPU
		{72FC8DE2-C3E4-40BA-8E5B-9A27FD41E1BB}.Debug|Any CPU.Build.0 = Debug|Any CPU
		{72FC8DE2-C3E4-40BA-8E5B-9A27FD41E1BB}.Debug|Any CPU.Deploy.0 = Debug|Any CPU
		{72FC8DE2-C3E4-40BA-8E5B-9A27FD41E1BB}.Release|Any CPU.ActiveCfg = Release|Any CPU
		{72FC8DE2-C3E4-40BA-8E5B-9A27FD41E1BB}.Release|Any CPU.Build.0 = Release|Any CPU
		{72FC8DE2-C3E4-40BA-8E5B-9A27FD41E1BB}.Release|Any CPU.Deploy.0 = Release|Any CPU
	EndGlobalSection
	GlobalSection(SolutionProperties) = preSolution
		HideSolutionNode = FALSE
	EndGlobalSection
	GlobalSection(ExtensibilityGlobals) = postSolution
		SolutionGuid = {72A5EEF0-F0A7-431B-B5C2-3E7BD77EBCCC}
	EndGlobalSection
EndGlobal
