
Microsoft Visual Studio Solution File, Format Version 12.00
# Visual Studio Version 17
VisualStudioVersion = 17.9.34723.18
MinimumVisualStudioVersion = 10.0.40219.1
Project("{FAE04EC0-301F-11D3-BF4B-00C04F79EFBC}") = "b2b-portal", "b2b-portal\b2b-portal.csproj", "{80BD3768-C444-4A86-B783-E8E34D7BEC90}"
EndProject
Global
	GlobalSection(SolutionConfigurationPlatforms) = preSolution
		Debug|Any CPU = Debug|Any CPU
		Release|Any CPU = Release|Any CPU
	EndGlobalSection
	GlobalSection(ProjectConfigurationPlatforms) = postSolution
		{80BD3768-C444-4A86-B783-E8E34D7BEC90}.Debug|Any CPU.ActiveCfg = Debug|Any CPU
		{80BD3768-C444-4A86-B783-E8E34D7BEC90}.Debug|Any CPU.Build.0 = Debug|Any CPU
		{80BD3768-C444-4A86-B783-E8E34D7BEC90}.Release|Any CPU.ActiveCfg = Release|Any CPU
		{80BD3768-C444-4A86-B783-E8E34D7BEC90}.Release|Any CPU.Build.0 = Release|Any CPU
	EndGlobalSection
	GlobalSection(SolutionProperties) = preSolution
		HideSolutionNode = FALSE
	EndGlobalSection
	GlobalSection(ExtensibilityGlobals) = postSolution
		SolutionGuid = {332458D1-4267-40F7-B1D4-F4BDA9C97A1C}
	EndGlobalSection
EndGlobal
